
Microsoft Visual Studio Solution File, Format Version 12.00
# Visual Studio Version 17
VisualStudioVersion = 17.8.34309.116
MinimumVisualStudioVersion = 10.0.40219.1
Project("{FAE04EC0-301F-11D3-BF4B-00C04F79EFBC}") = "DecoratorDesignPattern", "DecoratorDesignPattern.csproj", "{D11B7A30-98C3-46F3-BBFC-BF4536EDDDAD}"
EndProject
Global
	GlobalSection(SolutionConfigurationPlatforms) = preSolution
		Debug|Any CPU = Debug|Any CPU
		Release|Any CPU = Release|Any CPU
	EndGlobalSection
	GlobalSection(ProjectConfigurationPlatforms) = postSolution
		{D11B7A30-98C3-46F3-BBFC-BF4536EDDDAD}.Debug|Any CPU.ActiveCfg = Debug|Any CPU
		{D11B7A30-98C3-46F3-BBFC-BF4536EDDDAD}.Debug|Any CPU.Build.0 = Debug|Any CPU
		{D11B7A30-98C3-46F3-BBFC-BF4536EDDDAD}.Release|Any CPU.ActiveCfg = Release|Any CPU
		{D11B7A30-98C3-46F3-BBFC-BF4536EDDDAD}.Release|Any CPU.Build.0 = Release|Any CPU
	EndGlobalSection
	GlobalSection(SolutionProperties) = preSolution
		HideSolutionNode = FALSE
	EndGlobalSection
	GlobalSection(ExtensibilityGlobals) = postSolution
		SolutionGuid = {665E6657-D5F7-4AA0-9630-8ECC82CC4B08}
	EndGlobalSection
EndGlobal
